
Microsoft Visual Studio Solution File, Format Version 12.00
# Visual Studio Version 16
VisualStudioVersion = 16.0.30114.105
MinimumVisualStudioVersion = 10.0.40219.1
Project("{FAE04EC0-301F-11D3-BF4B-00C04F79EFBC}") = "ProEventos.Application", "ProEventos.Application\ProEventos.Application.csproj", "{4A7E122A-FF4A-4D02-B7BA-B4D0E4F73A90}"
EndProject
Project("{FAE04EC0-301F-11D3-BF4B-00C04F79EFBC}") = "ProEventos.Domain", "ProEventos.Domain\ProEventos.Domain.csproj", "{213731A0-75CF-479A-8CC9-10768EC41550}"
EndProject
Project("{FAE04EC0-301F-11D3-BF4B-00C04F79EFBC}") = "ProEventos.Persistencia", "ProEventos.Persistencia\ProEventos.Persistencia.csproj", "{32CC37C0-9B53-4B34-86AA-074CA94F247A}"
EndProject
Project("{FAE04EC0-301F-11D3-BF4B-00C04F79EFBC}") = "ProEventos.API", "ProEventos.Api\ProEventos.API.csproj", "{46072063-A850-40C5-9F52-C4CA05297178}"
EndProject
Global
	GlobalSection(SolutionConfigurationPlatforms) = preSolution
		Debug|Any CPU = Debug|Any CPU
		Debug|x64 = Debug|x64
		Debug|x86 = Debug|x86
		Release|Any CPU = Release|Any CPU
		Release|x64 = Release|x64
		Release|x86 = Release|x86
	EndGlobalSection
	GlobalSection(SolutionProperties) = preSolution
		HideSolutionNode = FALSE
	EndGlobalSection
	GlobalSection(ProjectConfigurationPlatforms) = postSolution
		{4A7E122A-FF4A-4D02-B7BA-B4D0E4F73A90}.Debug|Any CPU.ActiveCfg = Debug|Any CPU
		{4A7E122A-FF4A-4D02-B7BA-B4D0E4F73A90}.Debug|Any CPU.Build.0 = Debug|Any CPU
		{4A7E122A-FF4A-4D02-B7BA-B4D0E4F73A90}.Debug|x64.ActiveCfg = Debug|Any CPU
		{4A7E122A-FF4A-4D02-B7BA-B4D0E4F73A90}.Debug|x64.Build.0 = Debug|Any CPU
		{4A7E122A-FF4A-4D02-B7BA-B4D0E4F73A90}.Debug|x86.ActiveCfg = Debug|Any CPU
		{4A7E122A-FF4A-4D02-B7BA-B4D0E4F73A90}.Debug|x86.Build.0 = Debug|Any CPU
		{4A7E122A-FF4A-4D02-B7BA-B4D0E4F73A90}.Release|Any CPU.ActiveCfg = Release|Any CPU
		{4A7E122A-FF4A-4D02-B7BA-B4D0E4F73A90}.Release|Any CPU.Build.0 = Release|Any CPU
		{4A7E122A-FF4A-4D02-B7BA-B4D0E4F73A90}.Release|x64.ActiveCfg = Release|Any CPU
		{4A7E122A-FF4A-4D02-B7BA-B4D0E4F73A90}.Release|x64.Build.0 = Release|Any CPU
		{4A7E122A-FF4A-4D02-B7BA-B4D0E4F73A90}.Release|x86.ActiveCfg = Release|Any CPU
		{4A7E122A-FF4A-4D02-B7BA-B4D0E4F73A90}.Release|x86.Build.0 = Release|Any CPU
		{213731A0-75CF-479A-8CC9-10768EC41550}.Debug|Any CPU.ActiveCfg = Debug|Any CPU
		{213731A0-75CF-479A-8CC9-10768EC41550}.Debug|Any CPU.Build.0 = Debug|Any CPU
		{213731A0-75CF-479A-8CC9-10768EC41550}.Debug|x64.ActiveCfg = Debug|Any CPU
		{213731A0-75CF-479A-8CC9-10768EC41550}.Debug|x64.Build.0 = Debug|Any CPU
		{213731A0-75CF-479A-8CC9-10768EC41550}.Debug|x86.ActiveCfg = Debug|Any CPU
		{213731A0-75CF-479A-8CC9-10768EC41550}.Debug|x86.Build.0 = Debug|Any CPU
		{213731A0-75CF-479A-8CC9-10768EC41550}.Release|Any CPU.ActiveCfg = Release|Any CPU
		{213731A0-75CF-479A-8CC9-10768EC41550}.Release|Any CPU.Build.0 = Release|Any CPU
		{213731A0-75CF-479A-8CC9-10768EC41550}.Release|x64.ActiveCfg = Release|Any CPU
		{213731A0-75CF-479A-8CC9-10768EC41550}.Release|x64.Build.0 = Release|Any CPU
		{213731A0-75CF-479A-8CC9-10768EC41550}.Release|x86.ActiveCfg = Release|Any CPU
		{213731A0-75CF-479A-8CC9-10768EC41550}.Release|x86.Build.0 = Release|Any CPU
		{32CC37C0-9B53-4B34-86AA-074CA94F247A}.Debug|Any CPU.ActiveCfg = Debug|Any CPU
		{32CC37C0-9B53-4B34-86AA-074CA94F247A}.Debug|Any CPU.Build.0 = Debug|Any CPU
		{32CC37C0-9B53-4B34-86AA-074CA94F247A}.Debug|x64.ActiveCfg = Debug|Any CPU
		{32CC37C0-9B53-4B34-86AA-074CA94F247A}.Debug|x64.Build.0 = Debug|Any CPU
		{32CC37C0-9B53-4B34-86AA-074CA94F247A}.Debug|x86.ActiveCfg = Debug|Any CPU
		{32CC37C0-9B53-4B34-86AA-074CA94F247A}.Debug|x86.Build.0 = Debug|Any CPU
		{32CC37C0-9B53-4B34-86AA-074CA94F247A}.Release|Any CPU.ActiveCfg = Release|Any CPU
		{32CC37C0-9B53-4B34-86AA-074CA94F247A}.Release|Any CPU.Build.0 = Release|Any CPU
		{32CC37C0-9B53-4B34-86AA-074CA94F247A}.Release|x64.ActiveCfg = Release|Any CPU
		{32CC37C0-9B53-4B34-86AA-074CA94F247A}.Release|x64.Build.0 = Release|Any CPU
		{32CC37C0-9B53-4B34-86AA-074CA94F247A}.Release|x86.ActiveCfg = Release|Any CPU
		{32CC37C0-9B53-4B34-86AA-074CA94F247A}.Release|x86.Build.0 = Release|Any CPU
		{46072063-A850-40C5-9F52-C4CA05297178}.Debug|Any CPU.ActiveCfg = Debug|Any CPU
		{46072063-A850-40C5-9F52-C4CA05297178}.Debug|Any CPU.Build.0 = Debug|Any CPU
		{46072063-A850-40C5-9F52-C4CA05297178}.Debug|x64.ActiveCfg = Debug|Any CPU
		{46072063-A850-40C5-9F52-C4CA05297178}.Debug|x64.Build.0 = Debug|Any CPU
		{46072063-A850-40C5-9F52-C4CA05297178}.Debug|x86.ActiveCfg = Debug|Any CPU
		{46072063-A850-40C5-9F52-C4CA05297178}.Debug|x86.Build.0 = Debug|Any CPU
		{46072063-A850-40C5-9F52-C4CA05297178}.Release|Any CPU.ActiveCfg = Release|Any CPU
		{46072063-A850-40C5-9F52-C4CA05297178}.Release|Any CPU.Build.0 = Release|Any CPU
		{46072063-A850-40C5-9F52-C4CA05297178}.Release|x64.ActiveCfg = Release|Any CPU
		{46072063-A850-40C5-9F52-C4CA05297178}.Release|x64.Build.0 = Release|Any CPU
		{46072063-A850-40C5-9F52-C4CA05297178}.Release|x86.ActiveCfg = Release|Any CPU
		{46072063-A850-40C5-9F52-C4CA05297178}.Release|x86.Build.0 = Release|Any CPU
	EndGlobalSection
EndGlobal
